
Microsoft Visual Studio Solution File, Format Version 12.00
Project("{FAE04EC0-301F-11D3-BF4B-00C04F79EFBC}") = "AkkaSingle", "AkkaSingle\AkkaSingle.csproj", "{9CA7C26B-D800-4BFA-AACB-3F564EFE683C}"
EndProject
Project("{2150E333-8FDC-42A3-9474-1A3956D46DE8}") = "Misc", "Misc", "{DC7E06EB-45E9-4770-AD2C-57E4EAC7A349}"
ProjectSection(SolutionItems) = preProject
	.gitignore = .gitignore
	README.md = README.md
EndProjectSection
EndProject
Project("{FAE04EC0-301F-11D3-BF4B-00C04F79EFBC}") = "AkkaRemote", "AkkaRemote\AkkaRemote.csproj", "{BC3D354D-B93A-48A1-BE27-140F99D2D389}"
EndProject
Global
	GlobalSection(SolutionConfigurationPlatforms) = preSolution
		Debug|Any CPU = Debug|Any CPU
		Release|Any CPU = Release|Any CPU
	EndGlobalSection
	GlobalSection(ProjectConfigurationPlatforms) = postSolution
		{9CA7C26B-D800-4BFA-AACB-3F564EFE683C}.Debug|Any CPU.ActiveCfg = Debug|Any CPU
		{9CA7C26B-D800-4BFA-AACB-3F564EFE683C}.Debug|Any CPU.Build.0 = Debug|Any CPU
		{9CA7C26B-D800-4BFA-AACB-3F564EFE683C}.Release|Any CPU.ActiveCfg = Release|Any CPU
		{9CA7C26B-D800-4BFA-AACB-3F564EFE683C}.Release|Any CPU.Build.0 = Release|Any CPU
		{BC3D354D-B93A-48A1-BE27-140F99D2D389}.Debug|Any CPU.ActiveCfg = Debug|Any CPU
		{BC3D354D-B93A-48A1-BE27-140F99D2D389}.Debug|Any CPU.Build.0 = Debug|Any CPU
		{BC3D354D-B93A-48A1-BE27-140F99D2D389}.Release|Any CPU.ActiveCfg = Release|Any CPU
		{BC3D354D-B93A-48A1-BE27-140F99D2D389}.Release|Any CPU.Build.0 = Release|Any CPU
	EndGlobalSection
EndGlobal
